// !$*UTF8*$!
{
	archiveVersion = 1;
	classes = {
	};
	objectVersion = 46;
	objects = {

/* Begin PBXBuildFile section */
		1FCAB55D1D6257D200B547D3 /* AppDelegate.swift in Sources */ = {isa = PBXBuildFile; fileRef = 1FCAB55C1D6257D200B547D3 /* AppDelegate.swift */; };
		1FCAB55F1D6257D200B547D3 /* ViewController.swift in Sources */ = {isa = PBXBuildFile; fileRef = 1FCAB55E1D6257D200B547D3 /* ViewController.swift */; };
		1FCAB5621D6257D200B547D3 /* Main.storyboard in Resources */ = {isa = PBXBuildFile; fileRef = 1FCAB5601D6257D200B547D3 /* Main.storyboard */; };
		1FCAB5641D6257D200B547D3 /* Assets.xcassets in Resources */ = {isa = PBXBuildFile; fileRef = 1FCAB5631D6257D200B547D3 /* Assets.xcassets */; };
		1FCAB5671D6257D200B547D3 /* LaunchScreen.storyboard in Resources */ = {isa = PBXBuildFile; fileRef = 1FCAB5651D6257D200B547D3 /* LaunchScreen.storyboard */; };
/* End PBXBuildFile section */

/* Begin PBXFileReference section */
		1FCAB5591D6257D200B547D3 /* webBrowser.app */ = {isa = PBXFileReference; explicitFileType = wrapper.application; includeInIndex = 0; path = webBrowser.app; sourceTree = BUILT_PRODUCTS_DIR; };
		1FCAB55C1D6257D200B547D3 /* AppDelegate.swift */ = {isa = PBXFileReference; lastKnownFileType = sourcecode.swift; path = AppDelegate.swift; sourceTree = "<group>"; };
		1FCAB55E1D6257D200B547D3 /* ViewController.swift */ = {isa = PBXFileReference; lastKnownFileType = sourcecode.swift; path = ViewController.swift; sourceTree = "<group>"; };
		1FCAB5611D6257D200B547D3 /* Base */ = {isa = PBXFileReference; lastKnownFileType = file.storyboard; name = Base; path = Base.lproj/Main.storyboard; sourceTree = "<group>"; };
		1FCAB5631D6257D200B547D3 /* Assets.xcassets */ = {isa = PBXFileReference; lastKnownFileType = folder.assetcatalog; path = Assets.xcassets; sourceTree = "<group>"; };
		1FCAB5661D6257D200B547D3 /* Base */ = {isa = PBXFileReference; lastKnownFileType = file.storyboard; name = Base; path = Base.lproj/LaunchScreen.storyboard; sourceTree = "<group>"; };
		1FCAB5681D6257D200B547D3 /* Info.plist */ = {isa = PBXFileReference; lastKnownFileType = text.plist.xml; path = Info.plist; sourceTree = "<group>"; };
/* End PBXFileReference section */

/* Begin PBXFrameworksBuildPhase section */
		1FCAB5561D6257D200B547D3 /* Frameworks */ = {
			isa = PBXFrameworksBuildPhase;
			buildActionMask = 2147483647;
			files = (
			);
			runOnlyForDeploymentPostprocessing = 0;
		};
/* End PBXFrameworksBuildPhase section */

/* Begin PBXGroup section */
		1FCAB5501D6257D200B547D3 = {
			isa = PBXGroup;
			children = (
				1FCAB55B1D6257D200B547D3 /* webBrowser */,
				1FCAB55A1D6257D200B547D3 /* Products */,
			);
			sourceTree = "<group>";
		};
		1FCAB55A1D6257D200B547D3 /* Products */ = {
			isa = PBXGroup;
			children = (
				1FCAB5591D6257D200B547D3 /* webBrowser.app */,
			);
			name = Products;
			sourceTree = "<group>";
		};
		1FCAB55B1D6257D200B547D3 /* webBrowser */ = {
			isa = PBXGroup;
			children = (
				1FCAB55C1D6257D200B547D3 /* AppDelegate.swift */,
				1FCAB55E1D6257D200B547D3 /* ViewController.swift */,
				1FCAB5601D6257D200B547D3 /* Main.storyboard */,
				1FCAB5631D6257D200B547D3 /* Assets.xcassets */,
				1FCAB5651D6257D200B547D3 /* LaunchScreen.storyboard */,
				1FCAB5681D6257D200B547D3 /* Info.plist */,
			);
			path = webBrowser;
			sourceTree = "<group>";
		};
/* End PBXGroup section */

/* Begin PBXNativeTarget section */
		1FCAB5581D6257D200B547D3 /* webBrowser */ = {
			isa = PBXNativeTarget;
			buildConfigurationList = 1FCAB56B1D6257D200B547D3 /* Build configuration list for PBXNativeTarget "webBrowser" */;
			buildPhases = (
				1FCAB5551D6257D200B547D3 /* Sources */,
				1FCAB5561D6257D200B547D3 /* Frameworks */,
				1FCAB5571D6257D200B547D3 /* Resources */,
			);
			buildRules = (
			);
			dependencies = (
			);
			name = webBrowser;
			productName = webBrowser;
			productReference = 1FCAB5591D6257D200B547D3 /* webBrowser.app */;
			productType = "com.apple.product-type.application";
		};
/* End PBXNativeTarget section */

/* Begin PBXProject section */
		1FCAB5511D6257D200B547D3 /* Project object */ = {
			isa = PBXProject;
			attributes = {
				LastSwiftUpdateCheck = 0730;
				LastUpgradeCheck = 0730;
				ORGANIZATIONNAME = naseem;
				TargetAttributes = {
					1FCAB5581D6257D200B547D3 = {
						CreatedOnToolsVersion = 7.3.1;
					};
				};
			};
			buildConfigurationList = 1FCAB5541D6257D200B547D3 /* Build configuration list for PBXProject "webBrowser" */;
			compatibilityVersion = "Xcode 3.2";
			developmentRegion = English;
			hasScannedForEncodings = 0;
			knownRegions = (
				en,
				Base,
			);
			mainGroup = 1FCAB5501D6257D200B547D3;
			productRefGroup = 1FCAB55A1D6257D200B547D3 /* Products */;
			projectDirPath = "";
			projectRoot = "";
			targets = (
				1FCAB5581D6257D200B547D3 /* webBrowser */,
			);
		};
/* End PBXProject section */

/* Begin PBXResourcesBuildPhase section */
		1FCAB5571D6257D200B547D3 /* Resources */ = {
			isa = PBXResourcesBuildPhase;
			buildActionMask = 2147483647;
			files = (
				1FCAB5671D6257D200B547D3 /* LaunchScreen.storyboard in Resources */,
				1FCAB5641D6257D200B547D3 /* Assets.xcassets in Resources */,
				1FCAB5621D6257D200B547D3 /* Main.storyboard in Resources */,
			);
			runOnlyForDeploymentPostprocessing = 0;
		};
/* End PBXResourcesBuildPhase section */

/* Begin PBXSourcesBuildPhase section */
		1FCAB5551D6257D200B547D3 /* Sources */ = {
			isa = PBXSourcesBuildPhase;
			buildActionMask = 2147483647;
			files = (
				1FCAB55F1D6257D200B547D3 /* ViewController.swift in Sources */,
				1FCAB55D1D6257D200B547D3 /* AppDelegate.swift in Sources */,
			);
			runOnlyForDeploymentPostprocessing = 0;
		};
/* End PBXSourcesBuildPhase section */

/* Begin PBXVariantGroup section */
		1FCAB5601D6257D200B547D3 /* Main.storyboard */ = {
			isa = PBXVariantGroup;
			children = (
				1FCAB5611D6257D200B547D3 /* Base */,
			);
			name = Main.storyboard;
			sourceTree = "<group>";
		};
		1FCAB5651D6257D200B547D3 /* LaunchScreen.storyboard */ = {
			isa = PBXVariantGroup;
			children = (
				1FCAB5661D6257D200B547D3 /* Base */,
			);
			name = LaunchScreen.storyboard;
			sourceTree = "<group>";
		};
/* End PBXVariantGroup section */

/* Begin XCBuildConfiguration section */
		1FCAB5691D6257D200B547D3 /* Debug */ = {
			isa = XCBuildConfiguration;
			buildSettings = {
				ALWAYS_SEARCH_USER_PATHS = NO;
				CLANG_ANALYZER_NONNULL = YES;
				CLANG_CXX_LANGUAGE_STANDARD = "gnu++0x";
				CLANG_CXX_LIBRARY = "libc++";
				CLANG_ENABLE_MODULES = YES;
				CLANG_ENABLE_OBJC_ARC = YES;
				CLANG_WARN_BOOL_CONVERSION = YES;
				CLANG_WARN_CONSTANT_CONVERSION = YES;
				CLANG_WARN_DIRECT_OBJC_ISA_USAGE = YES_ERROR;
				CLANG_WARN_EMPTY_BODY = YES;
				CLANG_WARN_ENUM_CONVERSION = YES;
				CLANG_WARN_INT_CONVERSION = YES;
				CLANG_WARN_OBJC_ROOT_CLASS = YES_ERROR;
				CLANG_WARN_UNREACHABLE_CODE = YES;
				CLANG_WARN__DUPLICATE_METHOD_MATCH = YES;
				"CODE_SIGN_IDENTITY[sdk=iphoneos*]" = "iPhone Developer";
				COPY_PHASE_STRIP = NO;
				DEBUG_INFORMATION_FORMAT = dwarf;
				ENABLE_STRICT_OBJC_MSGSEND = YES;
				ENABLE_TESTABILITY = YES;
				GCC_C_LANGUAGE_STANDARD = gnu99;
				GCC_DYNAMIC_NO_PIC = NO;
				GCC_NO_COMMON_BLOCKS = YES;
				GCC_OPTIMIZATION_LEVEL = 0;
				GCC_PREPROCESSOR_DEFINITIONS = (
					"DEBUG=1",
					"$(inherited)",
				);
				GCC_WARN_64_TO_32_BIT_CONVERSION = YES;
				GCC_WARN_ABOUT_RETURN_TYPE = YES_ERROR;
				GCC_WARN_UNDECLARED_SELECTOR = YES;
				GCC_WARN_UNINITIALIZED_AUTOS = YES_AGGRESSIVE;
				GCC_WARN_UNUSED_FUNCTION = YES;
				GCC_WARN_UNUSED_VARIABLE = YES;
				IPHONEOS_DEPLOYMENT_TARGET = 9.3;
				MTL_ENABLE_DEBUG_INFO = YES;
				ONLY_ACTIVE_ARCH = YES;
				SDKROOT = iphoneos;
				SWIFT_OPTIMIZATION_LEVEL = "-Onone";
				TARGETED_DEVICE_FAMILY = "1,2";
			};
			name = Debug;
		};
		1FCAB56A1D6257D200B547D3 /* Release */ = {
			isa = XCBuildConfiguration;
			buildSettings = {
				ALWAYS_SEARCH_USER_PATHS = NO;
				CLANG_ANALYZER_NONNULL = YES;
				CLANG_CXX_LANGUAGE_STANDARD = "gnu++0x";
				CLANG_CXX_LIBRARY = "libc++";
				CLANG_ENABLE_MODULES = YES;
				CLANG_ENABLE_OBJC_ARC = YES;
				CLANG_WARN_BOOL_CONVERSION = YES;
				CLANG_WARN_CONSTANT_CONVERSION = YES;
				CLANG_WARN_DIRECT_OBJC_ISA_USAGE = YES_ERROR;
				CLANG_WARN_EMPTY_BODY = YES;
				CLANG_WARN_ENUM_CONVERSION = YES;
				CLANG_WARN_INT_CONVERSION = YES;
				CLANG_WARN_OBJC_ROOT_CLASS = YES_ERROR;
				CLANG_WARN_UNREACHABLE_CODE = YES;
				CLANG_WARN__DUPLICATE_METHOD_MATCH = YES;
				"CODE_SIGN_IDENTITY[sdk=iphoneos*]" = "iPhone Developer";
				COPY_PHASE_STRIP = NO;
				DEBUG_INFORMATION_FORMAT = "dwarf-with-dsym";
				ENABLE_NS_ASSERTIONS = NO;
				ENABLE_STRICT_OBJC_MSGSEND = YES;
				GCC_C_LANGUAGE_STANDARD = gnu99;
				GCC_NO_COMMON_BLOCKS = YES;
				GCC_WARN_64_TO_32_BIT_CONVERSION = YES;
				GCC_WARN_ABOUT_RETURN_TYPE = YES_ERROR;
				GCC_WARN_UNDECLARED_SELECTOR = YES;
				GCC_WARN_UNINITIALIZED_AUTOS = YES_AGGRESSIVE;
				GCC_WARN_UNUSED_FUNCTION = YES;
				GCC_WARN_UNUSED_VARIABLE = YES;
				IPHONEOS_DEPLOYMENT_TARGET = 9.3;
				MTL_ENABLE_DEBUG_INFO = NO;
				SDKROOT = iphoneos;
				TARGETED_DEVICE_FAMILY = "1,2";
				VALIDATE_PRODUCT = YES;
			};
			name = Release;
		};
		1FCAB56C1D6257D200B547D3 /* Debug */ = {
			isa = XCBuildConfiguration;
			buildSettings = {
				ASSETCATALOG_COMPILER_APPICON_NAME = AppIcon;
				INFOPLIST_FILE = webBrowser/Info.plist;
				LD_RUNPATH_SEARCH_PATHS = "$(inherited) @executable_path/Frameworks";
				PRODUCT_BUNDLE_IDENTIFIER = com.knaseem.webBrowser;
				PRODUCT_NAME = "$(TARGET_NAME)";
			};
			name = Debug;
		};
		1FCAB56D1D6257D200B547D3 /* Release */ = {
			isa = XCBuildConfiguration;
			buildSettings = {
				ASSETCATALOG_COMPILER_APPICON_NAME = AppIcon;
				INFOPLIST_FILE = webBrowser/Info.plist;
				LD_RUNPATH_SEARCH_PATHS = "$(inherited) @executable_path/Frameworks";
				PRODUCT_BUNDLE_IDENTIFIER = com.knaseem.webBrowser;
				PRODUCT_NAME = "$(TARGET_NAME)";
			};
			name = Release;
		};
/* End XCBuildConfiguration section */

/* Begin XCConfigurationList section */
		1FCAB5541D6257D200B547D3 /* Build configuration list for PBXProject "webBrowser" */ = {
			isa = XCConfigurationList;
			buildConfigurations = (
				1FCAB5691D6257D200B547D3 /* Debug */,
				1FCAB56A1D6257D200B547D3 /* Release */,
			);
			defaultConfigurationIsVisible = 0;
			defaultConfigurationName = Release;
		};
		1FCAB56B1D6257D200B547D3 /* Build configuration list for PBXNativeTarget "webBrowser" */ = {
			isa = XCConfigurationList;
			buildConfigurations = (
				1FCAB56C1D6257D200B547D3 /* Debug */,
				1FCAB56D1D6257D200B547D3 /* Release */,
			);
			defaultConfigurationIsVisible = 0;
		};
/* End XCConfigurationList section */
	};
	rootObject = 1FCAB5511D6257D200B547D3 /* Project object */;
}
